
Microsoft Visual Studio Solution File, Format Version 12.00
# Visual Studio Version 16
VisualStudioVersion = 16.0.29215.179
MinimumVisualStudioVersion = 10.0.40219.1
Project("{FAE04EC0-301F-11D3-BF4B-00C04F79EFBC}") = "MyBitmapEditor", "MyBitmapEditor\MyBitmapEditor.csproj", "{3E55D05F-DD9D-4E2E-9533-AF683733031F}"
EndProject
Global
	GlobalSection(SolutionConfigurationPlatforms) = preSolution
		Debug|Any CPU = Debug|Any CPU
		Release|Any CPU = Release|Any CPU
	EndGlobalSection
	GlobalSection(ProjectConfigurationPlatforms) = postSolution
		{3E55D05F-DD9D-4E2E-9533-AF683733031F}.Debug|Any CPU.ActiveCfg = Debug|Any CPU
		{3E55D05F-DD9D-4E2E-9533-AF683733031F}.Debug|Any CPU.Build.0 = Debug|Any CPU
		{3E55D05F-DD9D-4E2E-9533-AF683733031F}.Release|Any CPU.ActiveCfg = Release|Any CPU
		{3E55D05F-DD9D-4E2E-9533-AF683733031F}.Release|Any CPU.Build.0 = Release|Any CPU
	EndGlobalSection
	GlobalSection(SolutionProperties) = preSolution
		HideSolutionNode = FALSE
	EndGlobalSection
	GlobalSection(ExtensibilityGlobals) = postSolution
		SolutionGuid = {78ED1391-8BD9-40BD-869A-7F422C8489A3}
	EndGlobalSection
EndGlobal
